# THIS IS AN AUTOGENERATED FILE. DO NOT EDIT THIS FILE DIRECTLY.
# yarn lockfile v1


dayjs@^1.11.18:
  version "1.11.18"
  resolved "https://registry.yarnpkg.com/dayjs/-/dayjs-1.11.18.tgz#835fa712aac52ab9dec8b1494098774ed7070a11"
  integrity sha512-zFBQ7WFRvVRhKcWoUh+ZA1g2HVgUbsZm9sbddh8EC5iv93sui8DVVz1Npvz+r6meo9VKfa8NyLWBsQK1VvIKPA==
